
Microsoft Visual Studio Solution File, Format Version 12.00
# Visual Studio Version 17
VisualStudioVersion = 17.3.32929.385
MinimumVisualStudioVersion = 10.0.40219.1
Project("{FAE04EC0-301F-11D3-BF4B-00C04F79EFBC}") = "Chapter", "Chapter\Chapter.csproj", "{66FBF076-7A37-4724-AD77-3C229D7B0F17}"
EndProject
Global
	GlobalSection(SolutionConfigurationPlatforms) = preSolution
		Debug|Any CPU = Debug|Any CPU
		Release|Any CPU = Release|Any CPU
	EndGlobalSection
	GlobalSection(ProjectConfigurationPlatforms) = postSolution
		{66FBF076-7A37-4724-AD77-3C229D7B0F17}.Debug|Any CPU.ActiveCfg = Debug|Any CPU
		{66FBF076-7A37-4724-AD77-3C229D7B0F17}.Debug|Any CPU.Build.0 = Debug|Any CPU
		{66FBF076-7A37-4724-AD77-3C229D7B0F17}.Release|Any CPU.ActiveCfg = Release|Any CPU
		{66FBF076-7A37-4724-AD77-3C229D7B0F17}.Release|Any CPU.Build.0 = Release|Any CPU
	EndGlobalSection
	GlobalSection(SolutionProperties) = preSolution
		HideSolutionNode = FALSE
	EndGlobalSection
	GlobalSection(ExtensibilityGlobals) = postSolution
		SolutionGuid = {B76F1C52-0C53-4EBD-98B4-4ED4739CC422}
	EndGlobalSection
EndGlobal
